
Microsoft Visual Studio Solution File, Format Version 12.00
# Visual Studio Version 17
VisualStudioVersion = 17.8.34330.188
MinimumVisualStudioVersion = 10.0.40219.1
Project("{FAE04EC0-301F-11D3-BF4B-00C04F79EFBC}") = "QLPreschool", "QLPreschool\QLPreschool.csproj", "{BB75419B-4FEB-48AD-9C7B-57234D8E5ABF}"
EndProject
Global
	GlobalSection(SolutionConfigurationPlatforms) = preSolution
		Debug|Any CPU = Debug|Any CPU
		Release|Any CPU = Release|Any CPU
	EndGlobalSection
	GlobalSection(ProjectConfigurationPlatforms) = postSolution
		{BB75419B-4FEB-48AD-9C7B-57234D8E5ABF}.Debug|Any CPU.ActiveCfg = Debug|Any CPU
		{BB75419B-4FEB-48AD-9C7B-57234D8E5ABF}.Debug|Any CPU.Build.0 = Debug|Any CPU
		{BB75419B-4FEB-48AD-9C7B-57234D8E5ABF}.Release|Any CPU.ActiveCfg = Release|Any CPU
		{BB75419B-4FEB-48AD-9C7B-57234D8E5ABF}.Release|Any CPU.Build.0 = Release|Any CPU
	EndGlobalSection
	GlobalSection(SolutionProperties) = preSolution
		HideSolutionNode = FALSE
	EndGlobalSection
	GlobalSection(ExtensibilityGlobals) = postSolution
		SolutionGuid = {17313D83-D47F-4C53-B94C-FE8E6E47AD38}
	EndGlobalSection
EndGlobal
